
Microsoft Visual Studio Solution File, Format Version 12.00
# Visual Studio Version 16
VisualStudioVersion = 16.0.31911.196
MinimumVisualStudioVersion = 10.0.40219.1
Project("{FAE04EC0-301F-11D3-BF4B-00C04F79EFBC}") = "eTickets", "eTickets\eTickets.csproj", "{F08D0C1F-EB9B-4A41-90A0-E8341CCD518A}"
EndProject
Global
	GlobalSection(SolutionConfigurationPlatforms) = preSolution
		Debug|Any CPU = Debug|Any CPU
		Release|Any CPU = Release|Any CPU
	EndGlobalSection
	GlobalSection(ProjectConfigurationPlatforms) = postSolution
		{F08D0C1F-EB9B-4A41-90A0-E8341CCD518A}.Debug|Any CPU.ActiveCfg = Debug|Any CPU
		{F08D0C1F-EB9B-4A41-90A0-E8341CCD518A}.Debug|Any CPU.Build.0 = Debug|Any CPU
		{F08D0C1F-EB9B-4A41-90A0-E8341CCD518A}.Release|Any CPU.ActiveCfg = Release|Any CPU
		{F08D0C1F-EB9B-4A41-90A0-E8341CCD518A}.Release|Any CPU.Build.0 = Release|Any CPU
	EndGlobalSection
	GlobalSection(SolutionProperties) = preSolution
		HideSolutionNode = FALSE
	EndGlobalSection
	GlobalSection(ExtensibilityGlobals) = postSolution
		SolutionGuid = {3247C6E2-E186-463A-A8BB-5FEF9AFD12B9}
	EndGlobalSection
EndGlobal
